
Microsoft Visual Studio Solution File, Format Version 12.00
# Visual Studio 15
VisualStudioVersion = 15.0.28307.168
MinimumVisualStudioVersion = 10.0.40219.1
Project("{FAE04EC0-301F-11D3-BF4B-00C04F79EFBC}") = "digits-to-words", "digits-to-words\digits-to-words.csproj", "{FA35320C-A635-4B00-B1EF-32A87595D842}"
EndProject
Global
	GlobalSection(SolutionConfigurationPlatforms) = preSolution
		Debug|Any CPU = Debug|Any CPU
		Release|Any CPU = Release|Any CPU
	EndGlobalSection
	GlobalSection(ProjectConfigurationPlatforms) = postSolution
		{FA35320C-A635-4B00-B1EF-32A87595D842}.Debug|Any CPU.ActiveCfg = Debug|Any CPU
		{FA35320C-A635-4B00-B1EF-32A87595D842}.Debug|Any CPU.Build.0 = Debug|Any CPU
		{FA35320C-A635-4B00-B1EF-32A87595D842}.Release|Any CPU.ActiveCfg = Release|Any CPU
		{FA35320C-A635-4B00-B1EF-32A87595D842}.Release|Any CPU.Build.0 = Release|Any CPU
	EndGlobalSection
	GlobalSection(SolutionProperties) = preSolution
		HideSolutionNode = FALSE
	EndGlobalSection
	GlobalSection(ExtensibilityGlobals) = postSolution
		SolutionGuid = {5CE3E9DD-6A74-4E42-A129-EFBCF7410910}
	EndGlobalSection
EndGlobal
