
Microsoft Visual Studio Solution File, Format Version 12.00
# Visual Studio 15
VisualStudioVersion = 15.0.28307.168
MinimumVisualStudioVersion = 10.0.40219.1
Project("{FAE04EC0-301F-11D3-BF4B-00C04F79EFBC}") = "delegates-example", "delegates-example\delegates-example.csproj", "{70C80EA4-9006-4CC4-AB30-77DEF1DA24B4}"
EndProject
Global
	GlobalSection(SolutionConfigurationPlatforms) = preSolution
		Debug|Any CPU = Debug|Any CPU
		Release|Any CPU = Release|Any CPU
	EndGlobalSection
	GlobalSection(ProjectConfigurationPlatforms) = postSolution
		{70C80EA4-9006-4CC4-AB30-77DEF1DA24B4}.Debug|Any CPU.ActiveCfg = Debug|Any CPU
		{70C80EA4-9006-4CC4-AB30-77DEF1DA24B4}.Debug|Any CPU.Build.0 = Debug|Any CPU
		{70C80EA4-9006-4CC4-AB30-77DEF1DA24B4}.Release|Any CPU.ActiveCfg = Release|Any CPU
		{70C80EA4-9006-4CC4-AB30-77DEF1DA24B4}.Release|Any CPU.Build.0 = Release|Any CPU
	EndGlobalSection
	GlobalSection(SolutionProperties) = preSolution
		HideSolutionNode = FALSE
	EndGlobalSection
	GlobalSection(ExtensibilityGlobals) = postSolution
		SolutionGuid = {14DA8313-C105-48A2-A195-92E01274201F}
	EndGlobalSection
EndGlobal
