
Microsoft Visual Studio Solution File, Format Version 12.00
# Visual Studio 15
VisualStudioVersion = 15.0.28307.168
MinimumVisualStudioVersion = 10.0.40219.1
Project("{FAE04EC0-301F-11D3-BF4B-00C04F79EFBC}") = "hello-world", "hello-world\hello-world.csproj", "{988D1D56-4E47-4493-9718-BAC256BC2B9C}"
EndProject
Global
	GlobalSection(SolutionConfigurationPlatforms) = preSolution
		Debug|Any CPU = Debug|Any CPU
		Release|Any CPU = Release|Any CPU
	EndGlobalSection
	GlobalSection(ProjectConfigurationPlatforms) = postSolution
		{988D1D56-4E47-4493-9718-BAC256BC2B9C}.Debug|Any CPU.ActiveCfg = Debug|Any CPU
		{988D1D56-4E47-4493-9718-BAC256BC2B9C}.Debug|Any CPU.Build.0 = Debug|Any CPU
		{988D1D56-4E47-4493-9718-BAC256BC2B9C}.Release|Any CPU.ActiveCfg = Release|Any CPU
		{988D1D56-4E47-4493-9718-BAC256BC2B9C}.Release|Any CPU.Build.0 = Release|Any CPU
	EndGlobalSection
	GlobalSection(SolutionProperties) = preSolution
		HideSolutionNode = FALSE
	EndGlobalSection
	GlobalSection(ExtensibilityGlobals) = postSolution
		SolutionGuid = {F336C517-F54E-410B-AD6F-CE3295600C73}
	EndGlobalSection
EndGlobal
