
Microsoft Visual Studio Solution File, Format Version 12.00
# Visual Studio 15
VisualStudioVersion = 15.0.28307.168
MinimumVisualStudioVersion = 10.0.40219.1
Project("{FAE04EC0-301F-11D3-BF4B-00C04F79EFBC}") = "box-pattern", "box-pattern\box-pattern.csproj", "{0A66F508-0C84-4BA0-8FBC-BC90434EA1BE}"
EndProject
Global
	GlobalSection(SolutionConfigurationPlatforms) = preSolution
		Debug|Any CPU = Debug|Any CPU
		Release|Any CPU = Release|Any CPU
	EndGlobalSection
	GlobalSection(ProjectConfigurationPlatforms) = postSolution
		{0A66F508-0C84-4BA0-8FBC-BC90434EA1BE}.Debug|Any CPU.ActiveCfg = Debug|Any CPU
		{0A66F508-0C84-4BA0-8FBC-BC90434EA1BE}.Debug|Any CPU.Build.0 = Debug|Any CPU
		{0A66F508-0C84-4BA0-8FBC-BC90434EA1BE}.Release|Any CPU.ActiveCfg = Release|Any CPU
		{0A66F508-0C84-4BA0-8FBC-BC90434EA1BE}.Release|Any CPU.Build.0 = Release|Any CPU
	EndGlobalSection
	GlobalSection(SolutionProperties) = preSolution
		HideSolutionNode = FALSE
	EndGlobalSection
	GlobalSection(ExtensibilityGlobals) = postSolution
		SolutionGuid = {21ACF6BE-34AF-4641-A517-EC46633D6B37}
	EndGlobalSection
EndGlobal
